
Microsoft Visual Studio Solution File, Format Version 12.00
Project("{FAE04EC0-301F-11D3-BF4B-00C04F79EFBC}") = "Api", "Api\Api.csproj", "{10E8F4C3-A53C-4A73-92A9-28CB3272637A}"
EndProject
Project("{FAE04EC0-301F-11D3-BF4B-00C04F79EFBC}") = "Infrastructure", "Infrastructure\Infrastructure.csproj", "{022F7500-D692-4409-A27B-8DB13BDCA5B7}"
EndProject
Project("{FAE04EC0-301F-11D3-BF4B-00C04F79EFBC}") = "Application", "Application\Application.csproj", "{F60BC400-9FFE-4135-9875-B7933C291B30}"
EndProject
Project("{2150E333-8FDC-42A3-9474-1A3956D46DE8}") = "HttpYac", "HttpYac", "{935FA3A1-605E-44DD-A7E0-7039D9424391}"
	ProjectSection(SolutionItems) = preProject
		api-test.http = api-test.http
	EndProjectSection
EndProject
Global
	GlobalSection(SolutionConfigurationPlatforms) = preSolution
		Debug|Any CPU = Debug|Any CPU
		Debug|x64 = Debug|x64
		Debug|x86 = Debug|x86
		Release|Any CPU = Release|Any CPU
		Release|x64 = Release|x64
		Release|x86 = Release|x86
	EndGlobalSection
	GlobalSection(ProjectConfigurationPlatforms) = postSolution
		{10E8F4C3-A53C-4A73-92A9-28CB3272637A}.Debug|Any CPU.ActiveCfg = Debug|Any CPU
		{10E8F4C3-A53C-4A73-92A9-28CB3272637A}.Debug|Any CPU.Build.0 = Debug|Any CPU
		{10E8F4C3-A53C-4A73-92A9-28CB3272637A}.Debug|x64.ActiveCfg = Debug|Any CPU
		{10E8F4C3-A53C-4A73-92A9-28CB3272637A}.Debug|x64.Build.0 = Debug|Any CPU
		{10E8F4C3-A53C-4A73-92A9-28CB3272637A}.Debug|x86.ActiveCfg = Debug|Any CPU
		{10E8F4C3-A53C-4A73-92A9-28CB3272637A}.Debug|x86.Build.0 = Debug|Any CPU
		{10E8F4C3-A53C-4A73-92A9-28CB3272637A}.Release|Any CPU.ActiveCfg = Release|Any CPU
		{10E8F4C3-A53C-4A73-92A9-28CB3272637A}.Release|Any CPU.Build.0 = Release|Any CPU
		{10E8F4C3-A53C-4A73-92A9-28CB3272637A}.Release|x64.ActiveCfg = Release|Any CPU
		{10E8F4C3-A53C-4A73-92A9-28CB3272637A}.Release|x64.Build.0 = Release|Any CPU
		{10E8F4C3-A53C-4A73-92A9-28CB3272637A}.Release|x86.ActiveCfg = Release|Any CPU
		{10E8F4C3-A53C-4A73-92A9-28CB3272637A}.Release|x86.Build.0 = Release|Any CPU
		{022F7500-D692-4409-A27B-8DB13BDCA5B7}.Debug|Any CPU.ActiveCfg = Debug|Any CPU
		{022F7500-D692-4409-A27B-8DB13BDCA5B7}.Debug|Any CPU.Build.0 = Debug|Any CPU
		{022F7500-D692-4409-A27B-8DB13BDCA5B7}.Debug|x64.ActiveCfg = Debug|Any CPU
		{022F7500-D692-4409-A27B-8DB13BDCA5B7}.Debug|x64.Build.0 = Debug|Any CPU
		{022F7500-D692-4409-A27B-8DB13BDCA5B7}.Debug|x86.ActiveCfg = Debug|Any CPU
		{022F7500-D692-4409-A27B-8DB13BDCA5B7}.Debug|x86.Build.0 = Debug|Any CPU
		{022F7500-D692-4409-A27B-8DB13BDCA5B7}.Release|Any CPU.ActiveCfg = Release|Any CPU
		{022F7500-D692-4409-A27B-8DB13BDCA5B7}.Release|Any CPU.Build.0 = Release|Any CPU
		{022F7500-D692-4409-A27B-8DB13BDCA5B7}.Release|x64.ActiveCfg = Release|Any CPU
		{022F7500-D692-4409-A27B-8DB13BDCA5B7}.Release|x64.Build.0 = Release|Any CPU
		{022F7500-D692-4409-A27B-8DB13BDCA5B7}.Release|x86.ActiveCfg = Release|Any CPU
		{022F7500-D692-4409-A27B-8DB13BDCA5B7}.Release|x86.Build.0 = Release|Any CPU
		{F60BC400-9FFE-4135-9875-B7933C291B30}.Debug|Any CPU.ActiveCfg = Debug|Any CPU
		{F60BC400-9FFE-4135-9875-B7933C291B30}.Debug|Any CPU.Build.0 = Debug|Any CPU
		{F60BC400-9FFE-4135-9875-B7933C291B30}.Debug|x64.ActiveCfg = Debug|Any CPU
		{F60BC400-9FFE-4135-9875-B7933C291B30}.Debug|x64.Build.0 = Debug|Any CPU
		{F60BC400-9FFE-4135-9875-B7933C291B30}.Debug|x86.ActiveCfg = Debug|Any CPU
		{F60BC400-9FFE-4135-9875-B7933C291B30}.Debug|x86.Build.0 = Debug|Any CPU
		{F60BC400-9FFE-4135-9875-B7933C291B30}.Release|Any CPU.ActiveCfg = Release|Any CPU
		{F60BC400-9FFE-4135-9875-B7933C291B30}.Release|Any CPU.Build.0 = Release|Any CPU
		{F60BC400-9FFE-4135-9875-B7933C291B30}.Release|x64.ActiveCfg = Release|Any CPU
		{F60BC400-9FFE-4135-9875-B7933C291B30}.Release|x64.Build.0 = Release|Any CPU
		{F60BC400-9FFE-4135-9875-B7933C291B30}.Release|x86.ActiveCfg = Release|Any CPU
		{F60BC400-9FFE-4135-9875-B7933C291B30}.Release|x86.Build.0 = Release|Any CPU
	EndGlobalSection
	GlobalSection(SolutionProperties) = preSolution
		HideSolutionNode = FALSE
	EndGlobalSection
	GlobalSection(NestedProjects) = preSolution
	EndGlobalSection
EndGlobal
